{
  "name": "wdd-330-final",
  "version": "1.0.0",
  "lockfileVersion": 3,
  "requires": true,
  "packages": {
    "": {
      "name": "wdd-330-final",
      "version": "1.0.0",
      "license": "ISC",
      "dependencies": {
        "jose": "^5.1.3"
      }
    },
    "node_modules/jose": {
      "version": "5.1.3",
      "resolved": "https://registry.npmjs.org/jose/-/jose-5.1.3.tgz",
      "integrity": "sha512-GPExOkcMsCLBTi1YetY2LmkoY559fss0+0KVa6kOfb2YFe84nAM7Nm/XzuZozah4iHgmBGrCOHL5/cy670SBRw==",
      "funding": {
        "url": "https://github.com/sponsors/panva"
      }
    }
  }
}
